
Microsoft Visual Studio Solution File, Format Version 12.00
# Visual Studio Version 17
VisualStudioVersion = 17.10.34928.147
MinimumVisualStudioVersion = 10.0.40219.1
Project("{9A19103F-16F7-4668-BE54-9A1E7A4F7556}") = "ASP_Mix_App", "ASP_Mix_App\ASP_Mix_App.csproj", "{BF2B67A6-6E8D-4AC2-AFFD-85BF29BF27AC}"
EndProject
Global
	GlobalSection(SolutionConfigurationPlatforms) = preSolution
		Debug|Any CPU = Debug|Any CPU
		Release|Any CPU = Release|Any CPU
	EndGlobalSection
	GlobalSection(ProjectConfigurationPlatforms) = postSolution
		{BF2B67A6-6E8D-4AC2-AFFD-85BF29BF27AC}.Debug|Any CPU.ActiveCfg = Debug|Any CPU
		{BF2B67A6-6E8D-4AC2-AFFD-85BF29BF27AC}.Debug|Any CPU.Build.0 = Debug|Any CPU
		{BF2B67A6-6E8D-4AC2-AFFD-85BF29BF27AC}.Release|Any CPU.ActiveCfg = Release|Any CPU
		{BF2B67A6-6E8D-4AC2-AFFD-85BF29BF27AC}.Release|Any CPU.Build.0 = Release|Any CPU
	EndGlobalSection
	GlobalSection(SolutionProperties) = preSolution
		HideSolutionNode = FALSE
	EndGlobalSection
	GlobalSection(ExtensibilityGlobals) = postSolution
		SolutionGuid = {C62AE4D4-7F80-4B01-973F-5340373AC2E6}
	EndGlobalSection
EndGlobal
